
Microsoft Visual Studio Solution File, Format Version 12.00
# Visual Studio Version 16
VisualStudioVersion = 16.0.30621.155
MinimumVisualStudioVersion = 10.0.40219.1
Project("{8BC9CEB8-8B4A-11D0-8D11-00A0C91BC942}") = "Project1", "Project1\Project1.vcxproj", "{1EF5B7EE-54CB-49FF-B5E9-58BDBD65D00B}"
EndProject
Global
	GlobalSection(SolutionConfigurationPlatforms) = preSolution
		Debug|x64 = Debug|x64
		Debug|x86 = Debug|x86
		Release|x64 = Release|x64
		Release|x86 = Release|x86
	EndGlobalSection
	GlobalSection(ProjectConfigurationPlatforms) = postSolution
		{1EF5B7EE-54CB-49FF-B5E9-58BDBD65D00B}.Debug|x64.ActiveCfg = Debug|x64
		{1EF5B7EE-54CB-49FF-B5E9-58BDBD65D00B}.Debug|x64.Build.0 = Debug|x64
		{1EF5B7EE-54CB-49FF-B5E9-58BDBD65D00B}.Debug|x86.ActiveCfg = Debug|Win32
		{1EF5B7EE-54CB-49FF-B5E9-58BDBD65D00B}.Debug|x86.Build.0 = Debug|Win32
		{1EF5B7EE-54CB-49FF-B5E9-58BDBD65D00B}.Release|x64.ActiveCfg = Release|x64
		{1EF5B7EE-54CB-49FF-B5E9-58BDBD65D00B}.Release|x64.Build.0 = Release|x64
		{1EF5B7EE-54CB-49FF-B5E9-58BDBD65D00B}.Release|x86.ActiveCfg = Release|x64
		{1EF5B7EE-54CB-49FF-B5E9-58BDBD65D00B}.Release|x86.Build.0 = Release|x64
	EndGlobalSection
	GlobalSection(SolutionProperties) = preSolution
		HideSolutionNode = FALSE
	EndGlobalSection
	GlobalSection(ExtensibilityGlobals) = postSolution
		SolutionGuid = {E6837C84-2BDA-4557-897F-19145839510E}
	EndGlobalSection
EndGlobal
